
Microsoft Visual Studio Solution File, Format Version 12.00
# Visual Studio Version 16
VisualStudioVersion = 16.0.29209.62
MinimumVisualStudioVersion = 10.0.40219.1
Project("{9A19103F-16F7-4668-BE54-9A1E7A4F7556}") = "MyLeasing.Common", "MyLeasing.Common\MyLeasing.Common.csproj", "{A1F0AA4D-29F8-4B89-BAC8-D2F3BA42EFFA}"
EndProject
Project("{9A19103F-16F7-4668-BE54-9A1E7A4F7556}") = "MyLeasing.Web", "MyLeasing.Web\MyLeasing.Web.csproj", "{3BAFDD3C-DBD1-4287-A46E-4BF3E9DF7142}"
EndProject
Project("{FAE04EC0-301F-11D3-BF4B-00C04F79EFBC}") = "MyLeasing.Prism", "MyLeasing.Prism\MyLeasing.Prism\MyLeasing.Prism.csproj", "{BC671A7D-ED1B-484D-BD2C-2C3AF6968E54}"
EndProject
Project("{FAE04EC0-301F-11D3-BF4B-00C04F79EFBC}") = "MyLeasing.Prism.Android", "MyLeasing.Prism\MyLeasing.Prism.Android\MyLeasing.Prism.Android.csproj", "{F74390FC-D5EB-45AC-91BD-B88F89A8B83A}"
EndProject
Project("{FAE04EC0-301F-11D3-BF4B-00C04F79EFBC}") = "MyLeasing.Prism.iOS", "MyLeasing.Prism\MyLeasing.Prism.iOS\MyLeasing.Prism.iOS.csproj", "{91592F11-4379-44D4-B67E-4518F073E231}"
EndProject
Project("{FAE04EC0-301F-11D3-BF4B-00C04F79EFBC}") = "MyLeasing.Prism.UWP", "MyLeasing.Prism\MyLeasing.Prism.UWP\MyLeasing.Prism.UWP.csproj", "{E7DA4DD6-6CC3-4CFF-913B-A7AB095F8602}"
EndProject
Global
	GlobalSection(SolutionConfigurationPlatforms) = preSolution
		Ad-Hoc|Any CPU = Ad-Hoc|Any CPU
		Ad-Hoc|ARM = Ad-Hoc|ARM
		Ad-Hoc|iPhone = Ad-Hoc|iPhone
		Ad-Hoc|iPhoneSimulator = Ad-Hoc|iPhoneSimulator
		Ad-Hoc|x64 = Ad-Hoc|x64
		Ad-Hoc|x86 = Ad-Hoc|x86
		AppStore|Any CPU = AppStore|Any CPU
		AppStore|ARM = AppStore|ARM
		AppStore|iPhone = AppStore|iPhone
		AppStore|iPhoneSimulator = AppStore|iPhoneSimulator
		AppStore|x64 = AppStore|x64
		AppStore|x86 = AppStore|x86
		Debug|Any CPU = Debug|Any CPU
		Debug|ARM = Debug|ARM
		Debug|iPhone = Debug|iPhone
		Debug|iPhoneSimulator = Debug|iPhoneSimulator
		Debug|x64 = Debug|x64
		Debug|x86 = Debug|x86
		Release|Any CPU = Release|Any CPU
		Release|ARM = Release|ARM
		Release|iPhone = Release|iPhone
		Release|iPhoneSimulator = Release|iPhoneSimulator
		Release|x64 = Release|x64
		Release|x86 = Release|x86
	EndGlobalSection
	GlobalSection(ProjectConfigurationPlatforms) = postSolution
		{A1F0AA4D-29F8-4B89-BAC8-D2F3BA42EFFA}.Ad-Hoc|Any CPU.ActiveCfg = Release|Any CPU
		{A1F0AA4D-29F8-4B89-BAC8-D2F3BA42EFFA}.Ad-Hoc|Any CPU.Build.0 = Release|Any CPU
		{A1F0AA4D-29F8-4B89-BAC8-D2F3BA42EFFA}.Ad-Hoc|ARM.ActiveCfg = Release|Any CPU
		{A1F0AA4D-29F8-4B89-BAC8-D2F3BA42EFFA}.Ad-Hoc|ARM.Build.0 = Release|Any CPU
		{A1F0AA4D-29F8-4B89-BAC8-D2F3BA42EFFA}.Ad-Hoc|iPhone.ActiveCfg = Release|Any CPU
		{A1F0AA4D-29F8-4B89-BAC8-D2F3BA42EFFA}.Ad-Hoc|iPhone.Build.0 = Release|Any CPU
		{A1F0AA4D-29F8-4B89-BAC8-D2F3BA42EFFA}.Ad-Hoc|iPhoneSimulator.ActiveCfg = Release|Any CPU
		{A1F0AA4D-29F8-4B89-BAC8-D2F3BA42EFFA}.Ad-Hoc|iPhoneSimulator.Build.0 = Release|Any CPU
		{A1F0AA4D-29F8-4B89-BAC8-D2F3BA42EFFA}.Ad-Hoc|x64.ActiveCfg = Release|Any CPU
		{A1F0AA4D-29F8-4B89-BAC8-D2F3BA42EFFA}.Ad-Hoc|x64.Build.0 = Release|Any CPU
		{A1F0AA4D-29F8-4B89-BAC8-D2F3BA42EFFA}.Ad-Hoc|x86.ActiveCfg = Release|Any CPU
		{A1F0AA4D-29F8-4B89-BAC8-D2F3BA42EFFA}.Ad-Hoc|x86.Build.0 = Release|Any CPU
		{A1F0AA4D-29F8-4B89-BAC8-D2F3BA42EFFA}.AppStore|Any CPU.ActiveCfg = Release|Any CPU
		{A1F0AA4D-29F8-4B89-BAC8-D2F3BA42EFFA}.AppStore|Any CPU.Build.0 = Release|Any CPU
		{A1F0AA4D-29F8-4B89-BAC8-D2F3BA42EFFA}.AppStore|ARM.ActiveCfg = Release|Any CPU
		{A1F0AA4D-29F8-4B89-BAC8-D2F3BA42EFFA}.AppStore|ARM.Build.0 = Release|Any CPU
		{A1F0AA4D-29F8-4B89-BAC8-D2F3BA42EFFA}.AppStore|iPhone.ActiveCfg = Release|Any CPU
		{A1F0AA4D-29F8-4B89-BAC8-D2F3BA42EFFA}.AppStore|iPhone.Build.0 = Release|Any CPU
		{A1F0AA4D-29F8-4B89-BAC8-D2F3BA42EFFA}.AppStore|iPhoneSimulator.ActiveCfg = Release|Any CPU
		{A1F0AA4D-29F8-4B89-BAC8-D2F3BA42EFFA}.AppStore|iPhoneSimulator.Build.0 = Release|Any CPU
		{A1F0AA4D-29F8-4B89-BAC8-D2F3BA42EFFA}.AppStore|x64.ActiveCfg = Release|Any CPU
		{A1F0AA4D-29F8-4B89-BAC8-D2F3BA42EFFA}.AppStore|x64.Build.0 = Release|Any CPU
		{A1F0AA4D-29F8-4B89-BAC8-D2F3BA42EFFA}.AppStore|x86.ActiveCfg = Release|Any CPU
		{A1F0AA4D-29F8-4B89-BAC8-D2F3BA42EFFA}.AppStore|x86.Build.0 = Release|Any CPU
		{A1F0AA4D-29F8-4B89-BAC8-D2F3BA42EFFA}.Debug|Any CPU.ActiveCfg = Debug|Any CPU
		{A1F0AA4D-29F8-4B89-BAC8-D2F3BA42EFFA}.Debug|Any CPU.Build.0 = Debug|Any CPU
		{A1F0AA4D-29F8-4B89-BAC8-D2F3BA42EFFA}.Debug|ARM.ActiveCfg = Debug|Any CPU
		{A1F0AA4D-29F8-4B89-BAC8-D2F3BA42EFFA}.Debug|ARM.Build.0 = Debug|Any CPU
		{A1F0AA4D-29F8-4B89-BAC8-D2F3BA42EFFA}.Debug|iPhone.ActiveCfg = Debug|Any CPU
		{A1F0AA4D-29F8-4B89-BAC8-D2F3BA42EFFA}.Debug|iPhone.Build.0 = Debug|Any CPU
		{A1F0AA4D-29F8-4B89-BAC8-D2F3BA42EFFA}.Debug|iPhoneSimulator.ActiveCfg = Debug|Any CPU
		{A1F0AA4D-29F8-4B89-BAC8-D2F3BA42EFFA}.Debug|iPhoneSimulator.Build.0 = Debug|Any CPU
		{A1F0AA4D-29F8-4B89-BAC8-D2F3BA42EFFA}.Debug|x64.ActiveCfg = Debug|Any CPU
		{A1F0AA4D-29F8-4B89-BAC8-D2F3BA42EFFA}.Debug|x64.Build.0 = Debug|Any CPU
		{A1F0AA4D-29F8-4B89-BAC8-D2F3BA42EFFA}.Debug|x86.ActiveCfg = Debug|Any CPU
		{A1F0AA4D-29F8-4B89-BAC8-D2F3BA42EFFA}.Debug|x86.Build.0 = Debug|Any CPU
		{A1F0AA4D-29F8-4B89-BAC8-D2F3BA42EFFA}.Release|Any CPU.ActiveCfg = Release|Any CPU
		{A1F0AA4D-29F8-4B89-BAC8-D2F3BA42EFFA}.Release|Any CPU.Build.0 = Release|Any CPU
		{A1F0AA4D-29F8-4B89-BAC8-D2F3BA42EFFA}.Release|ARM.ActiveCfg = Release|Any CPU
		{A1F0AA4D-29F8-4B89-BAC8-D2F3BA42EFFA}.Release|ARM.Build.0 = Release|Any CPU
		{A1F0AA4D-29F8-4B89-BAC8-D2F3BA42EFFA}.Release|iPhone.ActiveCfg = Release|Any CPU
		{A1F0AA4D-29F8-4B89-BAC8-D2F3BA42EFFA}.Release|iPhone.Build.0 = Release|Any CPU
		{A1F0AA4D-29F8-4B89-BAC8-D2F3BA42EFFA}.Release|iPhoneSimulator.ActiveCfg = Release|Any CPU
		{A1F0AA4D-29F8-4B89-BAC8-D2F3BA42EFFA}.Release|iPhoneSimulator.Build.0 = Release|Any CPU
		{A1F0AA4D-29F8-4B89-BAC8-D2F3BA42EFFA}.Release|x64.ActiveCfg = Release|Any CPU
		{A1F0AA4D-29F8-4B89-BAC8-D2F3BA42EFFA}.Release|x64.Build.0 = Release|Any CPU
		{A1F0AA4D-29F8-4B89-BAC8-D2F3BA42EFFA}.Release|x86.ActiveCfg = Release|Any CPU
		{A1F0AA4D-29F8-4B89-BAC8-D2F3BA42EFFA}.Release|x86.Build.0 = Release|Any CPU
		{3BAFDD3C-DBD1-4287-A46E-4BF3E9DF7142}.Ad-Hoc|Any CPU.ActiveCfg = Release|Any CPU
		{3BAFDD3C-DBD1-4287-A46E-4BF3E9DF7142}.Ad-Hoc|Any CPU.Build.0 = Release|Any CPU
		{3BAFDD3C-DBD1-4287-A46E-4BF3E9DF7142}.Ad-Hoc|ARM.ActiveCfg = Release|Any CPU
		{3BAFDD3C-DBD1-4287-A46E-4BF3E9DF7142}.Ad-Hoc|ARM.Build.0 = Release|Any CPU
		{3BAFDD3C-DBD1-4287-A46E-4BF3E9DF7142}.Ad-Hoc|iPhone.ActiveCfg = Release|Any CPU
		{3BAFDD3C-DBD1-4287-A46E-4BF3E9DF7142}.Ad-Hoc|iPhone.Build.0 = Release|Any CPU
		{3BAFDD3C-DBD1-4287-A46E-4BF3E9DF7142}.Ad-Hoc|iPhoneSimulator.ActiveCfg = Release|Any CPU
		{3BAFDD3C-DBD1-4287-A46E-4BF3E9DF7142}.Ad-Hoc|iPhoneSimulator.Build.0 = Release|Any CPU
		{3BAFDD3C-DBD1-4287-A46E-4BF3E9DF7142}.Ad-Hoc|x64.ActiveCfg = Release|Any CPU
		{3BAFDD3C-DBD1-4287-A46E-4BF3E9DF7142}.Ad-Hoc|x64.Build.0 = Release|Any CPU
		{3BAFDD3C-DBD1-4287-A46E-4BF3E9DF7142}.Ad-Hoc|x86.ActiveCfg = Release|Any CPU
		{3BAFDD3C-DBD1-4287-A46E-4BF3E9DF7142}.Ad-Hoc|x86.Build.0 = Release|Any CPU
		{3BAFDD3C-DBD1-4287-A46E-4BF3E9DF7142}.AppStore|Any CPU.ActiveCfg = Release|Any CPU
		{3BAFDD3C-DBD1-4287-A46E-4BF3E9DF7142}.AppStore|Any CPU.Build.0 = Release|Any CPU
		{3BAFDD3C-DBD1-4287-A46E-4BF3E9DF7142}.AppStore|ARM.ActiveCfg = Release|Any CPU
		{3BAFDD3C-DBD1-4287-A46E-4BF3E9DF7142}.AppStore|ARM.Build.0 = Release|Any CPU
		{3BAFDD3C-DBD1-4287-A46E-4BF3E9DF7142}.AppStore|iPhone.ActiveCfg = Release|Any CPU
		{3BAFDD3C-DBD1-4287-A46E-4BF3E9DF7142}.AppStore|iPhone.Build.0 = Release|Any CPU
		{3BAFDD3C-DBD1-4287-A46E-4BF3E9DF7142}.AppStore|iPhoneSimulator.ActiveCfg = Release|Any CPU
		{3BAFDD3C-DBD1-4287-A46E-4BF3E9DF7142}.AppStore|iPhoneSimulator.Build.0 = Release|Any CPU
		{3BAFDD3C-DBD1-4287-A46E-4BF3E9DF7142}.AppStore|x64.ActiveCfg = Release|Any CPU
		{3BAFDD3C-DBD1-4287-A46E-4BF3E9DF7142}.AppStore|x64.Build.0 = Release|Any CPU
		{3BAFDD3C-DBD1-4287-A46E-4BF3E9DF7142}.AppStore|x86.ActiveCfg = Release|Any CPU
		{3BAFDD3C-DBD1-4287-A46E-4BF3E9DF7142}.AppStore|x86.Build.0 = Release|Any CPU
		{3BAFDD3C-DBD1-4287-A46E-4BF3E9DF7142}.Debug|Any CPU.ActiveCfg = Debug|Any CPU
		{3BAFDD3C-DBD1-4287-A46E-4BF3E9DF7142}.Debug|Any CPU.Build.0 = Debug|Any CPU
		{3BAFDD3C-DBD1-4287-A46E-4BF3E9DF7142}.Debug|ARM.ActiveCfg = Debug|Any CPU
		{3BAFDD3C-DBD1-4287-A46E-4BF3E9DF7142}.Debug|ARM.Build.0 = Debug|Any CPU
		{3BAFDD3C-DBD1-4287-A46E-4BF3E9DF7142}.Debug|iPhone.ActiveCfg = Debug|Any CPU
		{3BAFDD3C-DBD1-4287-A46E-4BF3E9DF7142}.Debug|iPhone.Build.0 = Debug|Any CPU
		{3BAFDD3C-DBD1-4287-A46E-4BF3E9DF7142}.Debug|iPhoneSimulator.ActiveCfg = Debug|Any CPU
		{3BAFDD3C-DBD1-4287-A46E-4BF3E9DF7142}.Debug|iPhoneSimulator.Build.0 = Debug|Any CPU
		{3BAFDD3C-DBD1-4287-A46E-4BF3E9DF7142}.Debug|x64.ActiveCfg = Debug|Any CPU
		{3BAFDD3C-DBD1-4287-A46E-4BF3E9DF7142}.Debug|x64.Build.0 = Debug|Any CPU
		{3BAFDD3C-DBD1-4287-A46E-4BF3E9DF7142}.Debug|x86.ActiveCfg = Debug|Any CPU
		{3BAFDD3C-DBD1-4287-A46E-4BF3E9DF7142}.Debug|x86.Build.0 = Debug|Any CPU
		{3BAFDD3C-DBD1-4287-A46E-4BF3E9DF7142}.Release|Any CPU.ActiveCfg = Release|Any CPU
		{3BAFDD3C-DBD1-4287-A46E-4BF3E9DF7142}.Release|Any CPU.Build.0 = Release|Any CPU
		{3BAFDD3C-DBD1-4287-A46E-4BF3E9DF7142}.Release|ARM.ActiveCfg = Release|Any CPU
		{3BAFDD3C-DBD1-4287-A46E-4BF3E9DF7142}.Release|ARM.Build.0 = Release|Any CPU
		{3BAFDD3C-DBD1-4287-A46E-4BF3E9DF7142}.Release|iPhone.ActiveCfg = Release|Any CPU
		{3BAFDD3C-DBD1-4287-A46E-4BF3E9DF7142}.Release|iPhone.Build.0 = Release|Any CPU
		{3BAFDD3C-DBD1-4287-A46E-4BF3E9DF7142}.Release|iPhoneSimulator.ActiveCfg = Release|Any CPU
		{3BAFDD3C-DBD1-4287-A46E-4BF3E9DF7142}.Release|iPhoneSimulator.Build.0 = Release|Any CPU
		{3BAFDD3C-DBD1-4287-A46E-4BF3E9DF7142}.Release|x64.ActiveCfg = Release|Any CPU
		{3BAFDD3C-DBD1-4287-A46E-4BF3E9DF7142}.Release|x64.Build.0 = Release|Any CPU
		{3BAFDD3C-DBD1-4287-A46E-4BF3E9DF7142}.Release|x86.ActiveCfg = Release|Any CPU
		{3BAFDD3C-DBD1-4287-A46E-4BF3E9DF7142}.Release|x86.Build.0 = Release|Any CPU
		{BC671A7D-ED1B-484D-BD2C-2C3AF6968E54}.Ad-Hoc|Any CPU.ActiveCfg = Debug|Any CPU
		{BC671A7D-ED1B-484D-BD2C-2C3AF6968E54}.Ad-Hoc|Any CPU.Build.0 = Debug|Any CPU
		{BC671A7D-ED1B-484D-BD2C-2C3AF6968E54}.Ad-Hoc|ARM.ActiveCfg = Debug|Any CPU
		{BC671A7D-ED1B-484D-BD2C-2C3AF6968E54}.Ad-Hoc|ARM.Build.0 = Debug|Any CPU
		{BC671A7D-ED1B-484D-BD2C-2C3AF6968E54}.Ad-Hoc|iPhone.ActiveCfg = Debug|Any CPU
		{BC671A7D-ED1B-484D-BD2C-2C3AF6968E54}.Ad-Hoc|iPhone.Build.0 = Debug|Any CPU
		{BC671A7D-ED1B-484D-BD2C-2C3AF6968E54}.Ad-Hoc|iPhoneSimulator.ActiveCfg = Debug|Any CPU
		{BC671A7D-ED1B-484D-BD2C-2C3AF6968E54}.Ad-Hoc|iPhoneSimulator.Build.0 = Debug|Any CPU
		{BC671A7D-ED1B-484D-BD2C-2C3AF6968E54}.Ad-Hoc|x64.ActiveCfg = Debug|Any CPU
		{BC671A7D-ED1B-484D-BD2C-2C3AF6968E54}.Ad-Hoc|x64.Build.0 = Debug|Any CPU
		{BC671A7D-ED1B-484D-BD2C-2C3AF6968E54}.Ad-Hoc|x86.ActiveCfg = Debug|Any CPU
		{BC671A7D-ED1B-484D-BD2C-2C3AF6968E54}.Ad-Hoc|x86.Build.0 = Debug|Any CPU
		{BC671A7D-ED1B-484D-BD2C-2C3AF6968E54}.AppStore|Any CPU.ActiveCfg = Debug|Any CPU
		{BC671A7D-ED1B-484D-BD2C-2C3AF6968E54}.AppStore|Any CPU.Build.0 = Debug|Any CPU
		{BC671A7D-ED1B-484D-BD2C-2C3AF6968E54}.AppStore|ARM.ActiveCfg = Debug|Any CPU
		{BC671A7D-ED1B-484D-BD2C-2C3AF6968E54}.AppStore|ARM.Build.0 = Debug|Any CPU
		{BC671A7D-ED1B-484D-BD2C-2C3AF6968E54}.AppStore|iPhone.ActiveCfg = Debug|Any CPU
		{BC671A7D-ED1B-484D-BD2C-2C3AF6968E54}.AppStore|iPhone.Build.0 = Debug|Any CPU
		{BC671A7D-ED1B-484D-BD2C-2C3AF6968E54}.AppStore|iPhoneSimulator.ActiveCfg = Debug|Any CPU
		{BC671A7D-ED1B-484D-BD2C-2C3AF6968E54}.AppStore|iPhoneSimulator.Build.0 = Debug|Any CPU
		{BC671A7D-ED1B-484D-BD2C-2C3AF6968E54}.AppStore|x64.ActiveCfg = Debug|Any CPU
		{BC671A7D-ED1B-484D-BD2C-2C3AF6968E54}.AppStore|x64.Build.0 = Debug|Any CPU
		{BC671A7D-ED1B-484D-BD2C-2C3AF6968E54}.AppStore|x86.ActiveCfg = Debug|Any CPU
		{BC671A7D-ED1B-484D-BD2C-2C3AF6968E54}.AppStore|x86.Build.0 = Debug|Any CPU
		{BC671A7D-ED1B-484D-BD2C-2C3AF6968E54}.Debug|Any CPU.ActiveCfg = Debug|Any CPU
		{BC671A7D-ED1B-484D-BD2C-2C3AF6968E54}.Debug|Any CPU.Build.0 = Debug|Any CPU
		{BC671A7D-ED1B-484D-BD2C-2C3AF6968E54}.Debug|ARM.ActiveCfg = Debug|Any CPU
		{BC671A7D-ED1B-484D-BD2C-2C3AF6968E54}.Debug|ARM.Build.0 = Debug|Any CPU
		{BC671A7D-ED1B-484D-BD2C-2C3AF6968E54}.Debug|iPhone.ActiveCfg = Debug|Any CPU
		{BC671A7D-ED1B-484D-BD2C-2C3AF6968E54}.Debug|iPhone.Build.0 = Debug|Any CPU
		{BC671A7D-ED1B-484D-BD2C-2C3AF6968E54}.Debug|iPhoneSimulator.ActiveCfg = Debug|Any CPU
		{BC671A7D-ED1B-484D-BD2C-2C3AF6968E54}.Debug|iPhoneSimulator.Build.0 = Debug|Any CPU
		{BC671A7D-ED1B-484D-BD2C-2C3AF6968E54}.Debug|x64.ActiveCfg = Debug|Any CPU
		{BC671A7D-ED1B-484D-BD2C-2C3AF6968E54}.Debug|x64.Build.0 = Debug|Any CPU
		{BC671A7D-ED1B-484D-BD2C-2C3AF6968E54}.Debug|x86.ActiveCfg = Debug|Any CPU
		{BC671A7D-ED1B-484D-BD2C-2C3AF6968E54}.Debug|x86.Build.0 = Debug|Any CPU
		{BC671A7D-ED1B-484D-BD2C-2C3AF6968E54}.Release|Any CPU.ActiveCfg = Release|Any CPU
		{BC671A7D-ED1B-484D-BD2C-2C3AF6968E54}.Release|Any CPU.Build.0 = Release|Any CPU
		{BC671A7D-ED1B-484D-BD2C-2C3AF6968E54}.Release|ARM.ActiveCfg = Release|Any CPU
		{BC671A7D-ED1B-484D-BD2C-2C3AF6968E54}.Release|ARM.Build.0 = Release|Any CPU
		{BC671A7D-ED1B-484D-BD2C-2C3AF6968E54}.Release|iPhone.ActiveCfg = Release|Any CPU
		{BC671A7D-ED1B-484D-BD2C-2C3AF6968E54}.Release|iPhone.Build.0 = Release|Any CPU
		{BC671A7D-ED1B-484D-BD2C-2C3AF6968E54}.Release|iPhoneSimulator.ActiveCfg = Release|Any CPU
		{BC671A7D-ED1B-484D-BD2C-2C3AF6968E54}.Release|iPhoneSimulator.Build.0 = Release|Any CPU
		{BC671A7D-ED1B-484D-BD2C-2C3AF6968E54}.Release|x64.ActiveCfg = Release|Any CPU
		{BC671A7D-ED1B-484D-BD2C-2C3AF6968E54}.Release|x64.Build.0 = Release|Any CPU
		{BC671A7D-ED1B-484D-BD2C-2C3AF6968E54}.Release|x86.ActiveCfg = Release|Any CPU
		{BC671A7D-ED1B-484D-BD2C-2C3AF6968E54}.Release|x86.Build.0 = Release|Any CPU
		{F74390FC-D5EB-45AC-91BD-B88F89A8B83A}.Ad-Hoc|Any CPU.ActiveCfg = Release|Any CPU
		{F74390FC-D5EB-45AC-91BD-B88F89A8B83A}.Ad-Hoc|Any CPU.Build.0 = Release|Any CPU
		{F74390FC-D5EB-45AC-91BD-B88F89A8B83A}.Ad-Hoc|Any CPU.Deploy.0 = Release|Any CPU
		{F74390FC-D5EB-45AC-91BD-B88F89A8B83A}.Ad-Hoc|ARM.ActiveCfg = Release|Any CPU
		{F74390FC-D5EB-45AC-91BD-B88F89A8B83A}.Ad-Hoc|ARM.Build.0 = Release|Any CPU
		{F74390FC-D5EB-45AC-91BD-B88F89A8B83A}.Ad-Hoc|ARM.Deploy.0 = Release|Any CPU
		{F74390FC-D5EB-45AC-91BD-B88F89A8B83A}.Ad-Hoc|iPhone.ActiveCfg = Release|Any CPU
		{F74390FC-D5EB-45AC-91BD-B88F89A8B83A}.Ad-Hoc|iPhone.Build.0 = Release|Any CPU
		{F74390FC-D5EB-45AC-91BD-B88F89A8B83A}.Ad-Hoc|iPhone.Deploy.0 = Release|Any CPU
		{F74390FC-D5EB-45AC-91BD-B88F89A8B83A}.Ad-Hoc|iPhoneSimulator.ActiveCfg = Release|Any CPU
		{F74390FC-D5EB-45AC-91BD-B88F89A8B83A}.Ad-Hoc|iPhoneSimulator.Build.0 = Release|Any CPU
		{F74390FC-D5EB-45AC-91BD-B88F89A8B83A}.Ad-Hoc|iPhoneSimulator.Deploy.0 = Release|Any CPU
		{F74390FC-D5EB-45AC-91BD-B88F89A8B83A}.Ad-Hoc|x64.ActiveCfg = Release|Any CPU
		{F74390FC-D5EB-45AC-91BD-B88F89A8B83A}.Ad-Hoc|x64.Build.0 = Release|Any CPU
		{F74390FC-D5EB-45AC-91BD-B88F89A8B83A}.Ad-Hoc|x64.Deploy.0 = Release|Any CPU
		{F74390FC-D5EB-45AC-91BD-B88F89A8B83A}.Ad-Hoc|x86.ActiveCfg = Release|Any CPU
		{F74390FC-D5EB-45AC-91BD-B88F89A8B83A}.Ad-Hoc|x86.Build.0 = Release|Any CPU
		{F74390FC-D5EB-45AC-91BD-B88F89A8B83A}.Ad-Hoc|x86.Deploy.0 = Release|Any CPU
		{F74390FC-D5EB-45AC-91BD-B88F89A8B83A}.AppStore|Any CPU.ActiveCfg = Release|Any CPU
		{F74390FC-D5EB-45AC-91BD-B88F89A8B83A}.AppStore|Any CPU.Build.0 = Release|Any CPU
		{F74390FC-D5EB-45AC-91BD-B88F89A8B83A}.AppStore|Any CPU.Deploy.0 = Release|Any CPU
		{F74390FC-D5EB-45AC-91BD-B88F89A8B83A}.AppStore|ARM.ActiveCfg = Release|Any CPU
		{F74390FC-D5EB-45AC-91BD-B88F89A8B83A}.AppStore|ARM.Build.0 = Release|Any CPU
		{F74390FC-D5EB-45AC-91BD-B88F89A8B83A}.AppStore|ARM.Deploy.0 = Release|Any CPU
		{F74390FC-D5EB-45AC-91BD-B88F89A8B83A}.AppStore|iPhone.ActiveCfg = Release|Any CPU
		{F74390FC-D5EB-45AC-91BD-B88F89A8B83A}.AppStore|iPhone.Build.0 = Release|Any CPU
		{F74390FC-D5EB-45AC-91BD-B88F89A8B83A}.AppStore|iPhone.Deploy.0 = Release|Any CPU
		{F74390FC-D5EB-45AC-91BD-B88F89A8B83A}.AppStore|iPhoneSimulator.ActiveCfg = Release|Any CPU
		{F74390FC-D5EB-45AC-91BD-B88F89A8B83A}.AppStore|iPhoneSimulator.Build.0 = Release|Any CPU
		{F74390FC-D5EB-45AC-91BD-B88F89A8B83A}.AppStore|iPhoneSimulator.Deploy.0 = Release|Any CPU
		{F74390FC-D5EB-45AC-91BD-B88F89A8B83A}.AppStore|x64.ActiveCfg = Release|Any CPU
		{F74390FC-D5EB-45AC-91BD-B88F89A8B83A}.AppStore|x64.Build.0 = Release|Any CPU
		{F74390FC-D5EB-45AC-91BD-B88F89A8B83A}.AppStore|x64.Deploy.0 = Release|Any CPU
		{F74390FC-D5EB-45AC-91BD-B88F89A8B83A}.AppStore|x86.ActiveCfg = Release|Any CPU
		{F74390FC-D5EB-45AC-91BD-B88F89A8B83A}.AppStore|x86.Build.0 = Release|Any CPU
		{F74390FC-D5EB-45AC-91BD-B88F89A8B83A}.AppStore|x86.Deploy.0 = Release|Any CPU
		{F74390FC-D5EB-45AC-91BD-B88F89A8B83A}.Debug|Any CPU.ActiveCfg = Debug|Any CPU
		{F74390FC-D5EB-45AC-91BD-B88F89A8B83A}.Debug|Any CPU.Build.0 = Debug|Any CPU
		{F74390FC-D5EB-45AC-91BD-B88F89A8B83A}.Debug|Any CPU.Deploy.0 = Debug|Any CPU
		{F74390FC-D5EB-45AC-91BD-B88F89A8B83A}.Debug|ARM.ActiveCfg = Debug|Any CPU
		{F74390FC-D5EB-45AC-91BD-B88F89A8B83A}.Debug|ARM.Build.0 = Debug|Any CPU
		{F74390FC-D5EB-45AC-91BD-B88F89A8B83A}.Debug|ARM.Deploy.0 = Debug|Any CPU
		{F74390FC-D5EB-45AC-91BD-B88F89A8B83A}.Debug|iPhone.ActiveCfg = Debug|Any CPU
		{F74390FC-D5EB-45AC-91BD-B88F89A8B83A}.Debug|iPhone.Build.0 = Debug|Any CPU
		{F74390FC-D5EB-45AC-91BD-B88F89A8B83A}.Debug|iPhone.Deploy.0 = Debug|Any CPU
		{F74390FC-D5EB-45AC-91BD-B88F89A8B83A}.Debug|iPhoneSimulator.ActiveCfg = Debug|Any CPU
		{F74390FC-D5EB-45AC-91BD-B88F89A8B83A}.Debug|iPhoneSimulator.Build.0 = Debug|Any CPU
		{F74390FC-D5EB-45AC-91BD-B88F89A8B83A}.Debug|iPhoneSimulator.Deploy.0 = Debug|Any CPU
		{F74390FC-D5EB-45AC-91BD-B88F89A8B83A}.Debug|x64.ActiveCfg = Debug|Any CPU
		{F74390FC-D5EB-45AC-91BD-B88F89A8B83A}.Debug|x64.Build.0 = Debug|Any CPU
		{F74390FC-D5EB-45AC-91BD-B88F89A8B83A}.Debug|x64.Deploy.0 = Debug|Any CPU
		{F74390FC-D5EB-45AC-91BD-B88F89A8B83A}.Debug|x86.ActiveCfg = Debug|Any CPU
		{F74390FC-D5EB-45AC-91BD-B88F89A8B83A}.Debug|x86.Build.0 = Debug|Any CPU
		{F74390FC-D5EB-45AC-91BD-B88F89A8B83A}.Debug|x86.Deploy.0 = Debug|Any CPU
		{F74390FC-D5EB-45AC-91BD-B88F89A8B83A}.Release|Any CPU.ActiveCfg = Release|Any CPU
		{F74390FC-D5EB-45AC-91BD-B88F89A8B83A}.Release|Any CPU.Build.0 = Release|Any CPU
		{F74390FC-D5EB-45AC-91BD-B88F89A8B83A}.Release|Any CPU.Deploy.0 = Release|Any CPU
		{F74390FC-D5EB-45AC-91BD-B88F89A8B83A}.Release|ARM.ActiveCfg = Release|Any CPU
		{F74390FC-D5EB-45AC-91BD-B88F89A8B83A}.Release|ARM.Build.0 = Release|Any CPU
		{F74390FC-D5EB-45AC-91BD-B88F89A8B83A}.Release|ARM.Deploy.0 = Release|Any CPU
		{F74390FC-D5EB-45AC-91BD-B88F89A8B83A}.Release|iPhone.ActiveCfg = Release|Any CPU
		{F74390FC-D5EB-45AC-91BD-B88F89A8B83A}.Release|iPhone.Build.0 = Release|Any CPU
		{F74390FC-D5EB-45AC-91BD-B88F89A8B83A}.Release|iPhone.Deploy.0 = Release|Any CPU
		{F74390FC-D5EB-45AC-91BD-B88F89A8B83A}.Release|iPhoneSimulator.ActiveCfg = Release|Any CPU
		{F74390FC-D5EB-45AC-91BD-B88F89A8B83A}.Release|iPhoneSimulator.Build.0 = Release|Any CPU
		{F74390FC-D5EB-45AC-91BD-B88F89A8B83A}.Release|iPhoneSimulator.Deploy.0 = Release|Any CPU
		{F74390FC-D5EB-45AC-91BD-B88F89A8B83A}.Release|x64.ActiveCfg = Release|Any CPU
		{F74390FC-D5EB-45AC-91BD-B88F89A8B83A}.Release|x64.Build.0 = Release|Any CPU
		{F74390FC-D5EB-45AC-91BD-B88F89A8B83A}.Release|x64.Deploy.0 = Release|Any CPU
		{F74390FC-D5EB-45AC-91BD-B88F89A8B83A}.Release|x86.ActiveCfg = Release|Any CPU
		{F74390FC-D5EB-45AC-91BD-B88F89A8B83A}.Release|x86.Build.0 = Release|Any CPU
		{F74390FC-D5EB-45AC-91BD-B88F89A8B83A}.Release|x86.Deploy.0 = Release|Any CPU
		{91592F11-4379-44D4-B67E-4518F073E231}.Ad-Hoc|Any CPU.ActiveCfg = Ad-Hoc|iPhone
		{91592F11-4379-44D4-B67E-4518F073E231}.Ad-Hoc|ARM.ActiveCfg = Ad-Hoc|iPhone
		{91592F11-4379-44D4-B67E-4518F073E231}.Ad-Hoc|iPhone.ActiveCfg = Ad-Hoc|iPhone
		{91592F11-4379-44D4-B67E-4518F073E231}.Ad-Hoc|iPhone.Build.0 = Ad-Hoc|iPhone
		{91592F11-4379-44D4-B67E-4518F073E231}.Ad-Hoc|iPhoneSimulator.ActiveCfg = Ad-Hoc|iPhoneSimulator
		{91592F11-4379-44D4-B67E-4518F073E231}.Ad-Hoc|iPhoneSimulator.Build.0 = Ad-Hoc|iPhoneSimulator
		{91592F11-4379-44D4-B67E-4518F073E231}.Ad-Hoc|x64.ActiveCfg = Ad-Hoc|iPhone
		{91592F11-4379-44D4-B67E-4518F073E231}.Ad-Hoc|x86.ActiveCfg = Ad-Hoc|iPhone
		{91592F11-4379-44D4-B67E-4518F073E231}.AppStore|Any CPU.ActiveCfg = AppStore|iPhone
		{91592F11-4379-44D4-B67E-4518F073E231}.AppStore|ARM.ActiveCfg = AppStore|iPhone
		{91592F11-4379-44D4-B67E-4518F073E231}.AppStore|iPhone.ActiveCfg = AppStore|iPhone
		{91592F11-4379-44D4-B67E-4518F073E231}.AppStore|iPhone.Build.0 = AppStore|iPhone
		{91592F11-4379-44D4-B67E-4518F073E231}.AppStore|iPhoneSimulator.ActiveCfg = AppStore|iPhoneSimulator
		{91592F11-4379-44D4-B67E-4518F073E231}.AppStore|iPhoneSimulator.Build.0 = AppStore|iPhoneSimulator
		{91592F11-4379-44D4-B67E-4518F073E231}.AppStore|x64.ActiveCfg = AppStore|iPhone
		{91592F11-4379-44D4-B67E-4518F073E231}.AppStore|x86.ActiveCfg = AppStore|iPhone
		{91592F11-4379-44D4-B67E-4518F073E231}.Debug|Any CPU.ActiveCfg = Debug|iPhone
		{91592F11-4379-44D4-B67E-4518F073E231}.Debug|ARM.ActiveCfg = Debug|iPhone
		{91592F11-4379-44D4-B67E-4518F073E231}.Debug|iPhone.ActiveCfg = Debug|iPhone
		{91592F11-4379-44D4-B67E-4518F073E231}.Debug|iPhone.Build.0 = Debug|iPhone
		{91592F11-4379-44D4-B67E-4518F073E231}.Debug|iPhoneSimulator.ActiveCfg = Debug|iPhoneSimulator
		{91592F11-4379-44D4-B67E-4518F073E231}.Debug|iPhoneSimulator.Build.0 = Debug|iPhoneSimulator
		{91592F11-4379-44D4-B67E-4518F073E231}.Debug|x64.ActiveCfg = Debug|iPhone
		{91592F11-4379-44D4-B67E-4518F073E231}.Debug|x86.ActiveCfg = Debug|iPhone
		{91592F11-4379-44D4-B67E-4518F073E231}.Release|Any CPU.ActiveCfg = Release|iPhone
		{91592F11-4379-44D4-B67E-4518F073E231}.Release|ARM.ActiveCfg = Release|iPhone
		{91592F11-4379-44D4-B67E-4518F073E231}.Release|iPhone.ActiveCfg = Release|iPhone
		{91592F11-4379-44D4-B67E-4518F073E231}.Release|iPhone.Build.0 = Release|iPhone
		{91592F11-4379-44D4-B67E-4518F073E231}.Release|iPhoneSimulator.ActiveCfg = Release|iPhoneSimulator
		{91592F11-4379-44D4-B67E-4518F073E231}.Release|iPhoneSimulator.Build.0 = Release|iPhoneSimulator
		{91592F11-4379-44D4-B67E-4518F073E231}.Release|x64.ActiveCfg = Release|iPhone
		{91592F11-4379-44D4-B67E-4518F073E231}.Release|x86.ActiveCfg = Release|iPhone
		{E7DA4DD6-6CC3-4CFF-913B-A7AB095F8602}.Ad-Hoc|Any CPU.ActiveCfg = Release|x86
		{E7DA4DD6-6CC3-4CFF-913B-A7AB095F8602}.Ad-Hoc|Any CPU.Build.0 = Release|x86
		{E7DA4DD6-6CC3-4CFF-913B-A7AB095F8602}.Ad-Hoc|Any CPU.Deploy.0 = Release|x86
		{E7DA4DD6-6CC3-4CFF-913B-A7AB095F8602}.Ad-Hoc|ARM.ActiveCfg = Release|ARM
		{E7DA4DD6-6CC3-4CFF-913B-A7AB095F8602}.Ad-Hoc|ARM.Build.0 = Release|ARM
		{E7DA4DD6-6CC3-4CFF-913B-A7AB095F8602}.Ad-Hoc|ARM.Deploy.0 = Release|ARM
		{E7DA4DD6-6CC3-4CFF-913B-A7AB095F8602}.Ad-Hoc|iPhone.ActiveCfg = Release|x86
		{E7DA4DD6-6CC3-4CFF-913B-A7AB095F8602}.Ad-Hoc|iPhone.Build.0 = Release|x86
		{E7DA4DD6-6CC3-4CFF-913B-A7AB095F8602}.Ad-Hoc|iPhone.Deploy.0 = Release|x86
		{E7DA4DD6-6CC3-4CFF-913B-A7AB095F8602}.Ad-Hoc|iPhoneSimulator.ActiveCfg = Release|x86
		{E7DA4DD6-6CC3-4CFF-913B-A7AB095F8602}.Ad-Hoc|iPhoneSimulator.Build.0 = Release|x86
		{E7DA4DD6-6CC3-4CFF-913B-A7AB095F8602}.Ad-Hoc|iPhoneSimulator.Deploy.0 = Release|x86
		{E7DA4DD6-6CC3-4CFF-913B-A7AB095F8602}.Ad-Hoc|x64.ActiveCfg = Release|x64
		{E7DA4DD6-6CC3-4CFF-913B-A7AB095F8602}.Ad-Hoc|x64.Build.0 = Release|x64
		{E7DA4DD6-6CC3-4CFF-913B-A7AB095F8602}.Ad-Hoc|x64.Deploy.0 = Release|x64
		{E7DA4DD6-6CC3-4CFF-913B-A7AB095F8602}.Ad-Hoc|x86.ActiveCfg = Release|x86
		{E7DA4DD6-6CC3-4CFF-913B-A7AB095F8602}.Ad-Hoc|x86.Build.0 = Release|x86
		{E7DA4DD6-6CC3-4CFF-913B-A7AB095F8602}.Ad-Hoc|x86.Deploy.0 = Release|x86
		{E7DA4DD6-6CC3-4CFF-913B-A7AB095F8602}.AppStore|Any CPU.ActiveCfg = Release|x86
		{E7DA4DD6-6CC3-4CFF-913B-A7AB095F8602}.AppStore|Any CPU.Build.0 = Release|x86
		{E7DA4DD6-6CC3-4CFF-913B-A7AB095F8602}.AppStore|Any CPU.Deploy.0 = Release|x86
		{E7DA4DD6-6CC3-4CFF-913B-A7AB095F8602}.AppStore|ARM.ActiveCfg = Release|ARM
		{E7DA4DD6-6CC3-4CFF-913B-A7AB095F8602}.AppStore|ARM.Build.0 = Release|ARM
		{E7DA4DD6-6CC3-4CFF-913B-A7AB095F8602}.AppStore|ARM.Deploy.0 = Release|ARM
		{E7DA4DD6-6CC3-4CFF-913B-A7AB095F8602}.AppStore|iPhone.ActiveCfg = Release|x86
		{E7DA4DD6-6CC3-4CFF-913B-A7AB095F8602}.AppStore|iPhone.Build.0 = Release|x86
		{E7DA4DD6-6CC3-4CFF-913B-A7AB095F8602}.AppStore|iPhone.Deploy.0 = Release|x86
		{E7DA4DD6-6CC3-4CFF-913B-A7AB095F8602}.AppStore|iPhoneSimulator.ActiveCfg = Release|x86
		{E7DA4DD6-6CC3-4CFF-913B-A7AB095F8602}.AppStore|iPhoneSimulator.Build.0 = Release|x86
		{E7DA4DD6-6CC3-4CFF-913B-A7AB095F8602}.AppStore|iPhoneSimulator.Deploy.0 = Release|x86
		{E7DA4DD6-6CC3-4CFF-913B-A7AB095F8602}.AppStore|x64.ActiveCfg = Release|x64
		{E7DA4DD6-6CC3-4CFF-913B-A7AB095F8602}.AppStore|x64.Build.0 = Release|x64
		{E7DA4DD6-6CC3-4CFF-913B-A7AB095F8602}.AppStore|x64.Deploy.0 = Release|x64
		{E7DA4DD6-6CC3-4CFF-913B-A7AB095F8602}.AppStore|x86.ActiveCfg = Release|x86
		{E7DA4DD6-6CC3-4CFF-913B-A7AB095F8602}.AppStore|x86.Build.0 = Release|x86
		{E7DA4DD6-6CC3-4CFF-913B-A7AB095F8602}.AppStore|x86.Deploy.0 = Release|x86
		{E7DA4DD6-6CC3-4CFF-913B-A7AB095F8602}.Debug|Any CPU.ActiveCfg = Debug|x86
		{E7DA4DD6-6CC3-4CFF-913B-A7AB095F8602}.Debug|ARM.ActiveCfg = Debug|ARM
		{E7DA4DD6-6CC3-4CFF-913B-A7AB095F8602}.Debug|ARM.Build.0 = Debug|ARM
		{E7DA4DD6-6CC3-4CFF-913B-A7AB095F8602}.Debug|ARM.Deploy.0 = Debug|ARM
		{E7DA4DD6-6CC3-4CFF-913B-A7AB095F8602}.Debug|iPhone.ActiveCfg = Debug|x86
		{E7DA4DD6-6CC3-4CFF-913B-A7AB095F8602}.Debug|iPhoneSimulator.ActiveCfg = Debug|x86
		{E7DA4DD6-6CC3-4CFF-913B-A7AB095F8602}.Debug|x64.ActiveCfg = Debug|x64
		{E7DA4DD6-6CC3-4CFF-913B-A7AB095F8602}.Debug|x64.Build.0 = Debug|x64
		{E7DA4DD6-6CC3-4CFF-913B-A7AB095F8602}.Debug|x64.Deploy.0 = Debug|x64
		{E7DA4DD6-6CC3-4CFF-913B-A7AB095F8602}.Debug|x86.ActiveCfg = Debug|x86
		{E7DA4DD6-6CC3-4CFF-913B-A7AB095F8602}.Debug|x86.Build.0 = Debug|x86
		{E7DA4DD6-6CC3-4CFF-913B-A7AB095F8602}.Debug|x86.Deploy.0 = Debug|x86
		{E7DA4DD6-6CC3-4CFF-913B-A7AB095F8602}.Release|Any CPU.ActiveCfg = Release|x86
		{E7DA4DD6-6CC3-4CFF-913B-A7AB095F8602}.Release|ARM.ActiveCfg = Release|ARM
		{E7DA4DD6-6CC3-4CFF-913B-A7AB095F8602}.Release|ARM.Build.0 = Release|ARM
		{E7DA4DD6-6CC3-4CFF-913B-A7AB095F8602}.Release|ARM.Deploy.0 = Release|ARM
		{E7DA4DD6-6CC3-4CFF-913B-A7AB095F8602}.Release|iPhone.ActiveCfg = Release|x86
		{E7DA4DD6-6CC3-4CFF-913B-A7AB095F8602}.Release|iPhoneSimulator.ActiveCfg = Release|x86
		{E7DA4DD6-6CC3-4CFF-913B-A7AB095F8602}.Release|x64.ActiveCfg = Release|x64
		{E7DA4DD6-6CC3-4CFF-913B-A7AB095F8602}.Release|x64.Build.0 = Release|x64
		{E7DA4DD6-6CC3-4CFF-913B-A7AB095F8602}.Release|x64.Deploy.0 = Release|x64
		{E7DA4DD6-6CC3-4CFF-913B-A7AB095F8602}.Release|x86.ActiveCfg = Release|x86
		{E7DA4DD6-6CC3-4CFF-913B-A7AB095F8602}.Release|x86.Build.0 = Release|x86
		{E7DA4DD6-6CC3-4CFF-913B-A7AB095F8602}.Release|x86.Deploy.0 = Release|x86
	EndGlobalSection
	GlobalSection(SolutionProperties) = preSolution
		HideSolutionNode = FALSE
	EndGlobalSection
	GlobalSection(ExtensibilityGlobals) = postSolution
		SolutionGuid = {6B5E637C-CE5B-48DE-BD32-471E21FE292C}
	EndGlobalSection
EndGlobal
